
Microsoft Visual Studio Solution File, Format Version 12.00
# Visual Studio 14
VisualStudioVersion = 14.0.23107.0
MinimumVisualStudioVersion = 10.0.40219.1
Project("{FAE04EC0-301F-11D3-BF4B-00C04F79EFBC}") = "Konvolucio.MCAN120803.API", "Application\Konvolucio.MCAN120803\Konvolucio.MCAN120803.API.csproj", "{C6630F54-75CF-4B1E-8366-A2D6CB0D227B}"
EndProject
Project("{FAE04EC0-301F-11D3-BF4B-00C04F79EFBC}") = "Konvolucio.WinForms.Framework", "Application\Konvolucio.WinForms.Framework\Konvolucio.WinForms.Framework.csproj", "{C3CA7147-853F-4316-99E6-8D2831A299C8}"
EndProject
Project("{FAE04EC0-301F-11D3-BF4B-00C04F79EFBC}") = "Konvolucio.WinUSB", "Application\Konvolucio.WinUSB\Konvolucio.WinUSB.csproj", "{CE06C329-287D-4F1E-B62D-B8353F2BAA4A}"
EndProject
Project("{930C7802-8A8C-48F9-8165-68863BCCD9DD}") = "Install", "Install\Install.wixproj", "{C24A1F5B-CD27-425F-9ED8-8569F068DC21}"
EndProject
Project("{FAE04EC0-301F-11D3-BF4B-00C04F79EFBC}") = "Konvolucio.Sequence", "Application\Konvolucio.Sequence\Konvolucio.Sequence.csproj", "{E56D1F66-7D52-4151-B44A-CB7AF0140B65}"
EndProject
Project("{FAE04EC0-301F-11D3-BF4B-00C04F79EFBC}") = "Konvolucio.VectorCANdb.API", "Application\Konvolucio.VectorCANdb.API\Konvolucio.VectorCANdb.API.csproj", "{5E58101D-963F-488E-AEA9-4F88ACD8246E}"
EndProject
Project("{FAE04EC0-301F-11D3-BF4B-00C04F79EFBC}") = "Konvolucio.DeviceNET", "Application\Konvolucio.DeviceNET\Konvolucio.DeviceNET.csproj", "{FD4BB8BC-2388-4FE6-B1DA-184A1C825A57}"
EndProject
Project("{FAE04EC0-301F-11D3-BF4B-00C04F79EFBC}") = "Konvoluico.Database.API", "Application\Konvoluico.Database.API\Konvoluico.Database.API.csproj", "{88A27B47-9EE2-4C66-9026-F925A5743A30}"
EndProject
Project("{FAE04EC0-301F-11D3-BF4B-00C04F79EFBC}") = "Konvolucio.MUDS150628", "Application\Konvolucio.MUDS150628\Konvolucio.MUDS150628.csproj", "{F0706C74-CD53-42D9-91B0-B2D86D303E2E}"
EndProject
Project("{2150E333-8FDC-42A3-9474-1A3956D46DE8}") = "Solution Items", "Solution Items", "{C9C0EED5-5ED8-4003-88C5-87BE0A1BB557}"
EndProject
Project("{FAE04EC0-301F-11D3-BF4B-00C04F79EFBC}") = "Konvolucio.MCAN120803.GUI", "Application\Konvolucio.MCAN120803.GUI\Konvolucio.MCAN120803.GUI.csproj", "{056B5BF1-4665-497F-B60D-6217F0E60AD4}"
EndProject
Project("{2150E333-8FDC-42A3-9474-1A3956D46DE8}") = "Future Functions", "Future Functions", "{D28E8F2E-CFD7-4D88-8CB5-543379F308BE}"
EndProject
Global
	GlobalSection(SolutionConfigurationPlatforms) = preSolution
		Debug|Any CPU = Debug|Any CPU
		Debug|x86 = Debug|x86
		Release|Any CPU = Release|Any CPU
		Release|x86 = Release|x86
	EndGlobalSection
	GlobalSection(ProjectConfigurationPlatforms) = postSolution
		{C6630F54-75CF-4B1E-8366-A2D6CB0D227B}.Debug|Any CPU.ActiveCfg = Debug|x86
		{C6630F54-75CF-4B1E-8366-A2D6CB0D227B}.Debug|Any CPU.Build.0 = Debug|x86
		{C6630F54-75CF-4B1E-8366-A2D6CB0D227B}.Debug|x86.ActiveCfg = Debug|x86
		{C6630F54-75CF-4B1E-8366-A2D6CB0D227B}.Debug|x86.Build.0 = Debug|x86
		{C6630F54-75CF-4B1E-8366-A2D6CB0D227B}.Release|Any CPU.ActiveCfg = Release|x86
		{C6630F54-75CF-4B1E-8366-A2D6CB0D227B}.Release|Any CPU.Build.0 = Release|x86
		{C6630F54-75CF-4B1E-8366-A2D6CB0D227B}.Release|x86.ActiveCfg = Release|x86
		{C6630F54-75CF-4B1E-8366-A2D6CB0D227B}.Release|x86.Build.0 = Release|x86
		{C3CA7147-853F-4316-99E6-8D2831A299C8}.Debug|Any CPU.ActiveCfg = Debug|x86
		{C3CA7147-853F-4316-99E6-8D2831A299C8}.Debug|Any CPU.Build.0 = Debug|x86
		{C3CA7147-853F-4316-99E6-8D2831A299C8}.Debug|x86.ActiveCfg = Debug|x86
		{C3CA7147-853F-4316-99E6-8D2831A299C8}.Debug|x86.Build.0 = Debug|x86
		{C3CA7147-853F-4316-99E6-8D2831A299C8}.Release|Any CPU.ActiveCfg = Release|x86
		{C3CA7147-853F-4316-99E6-8D2831A299C8}.Release|Any CPU.Build.0 = Release|x86
		{C3CA7147-853F-4316-99E6-8D2831A299C8}.Release|x86.ActiveCfg = Release|x86
		{C3CA7147-853F-4316-99E6-8D2831A299C8}.Release|x86.Build.0 = Release|x86
		{CE06C329-287D-4F1E-B62D-B8353F2BAA4A}.Debug|Any CPU.ActiveCfg = Debug|Any CPU
		{CE06C329-287D-4F1E-B62D-B8353F2BAA4A}.Debug|Any CPU.Build.0 = Debug|Any CPU
		{CE06C329-287D-4F1E-B62D-B8353F2BAA4A}.Debug|x86.ActiveCfg = Debug|Any CPU
		{CE06C329-287D-4F1E-B62D-B8353F2BAA4A}.Debug|x86.Build.0 = Debug|Any CPU
		{CE06C329-287D-4F1E-B62D-B8353F2BAA4A}.Release|Any CPU.ActiveCfg = Release|Any CPU
		{CE06C329-287D-4F1E-B62D-B8353F2BAA4A}.Release|Any CPU.Build.0 = Release|Any CPU
		{CE06C329-287D-4F1E-B62D-B8353F2BAA4A}.Release|x86.ActiveCfg = Release|Any CPU
		{CE06C329-287D-4F1E-B62D-B8353F2BAA4A}.Release|x86.Build.0 = Release|Any CPU
		{C24A1F5B-CD27-425F-9ED8-8569F068DC21}.Debug|Any CPU.ActiveCfg = Debug|x86
		{C24A1F5B-CD27-425F-9ED8-8569F068DC21}.Debug|x86.ActiveCfg = Debug|x86
		{C24A1F5B-CD27-425F-9ED8-8569F068DC21}.Debug|x86.Build.0 = Debug|x86
		{C24A1F5B-CD27-425F-9ED8-8569F068DC21}.Release|Any CPU.ActiveCfg = Release|x86
		{C24A1F5B-CD27-425F-9ED8-8569F068DC21}.Release|Any CPU.Build.0 = Release|x86
		{C24A1F5B-CD27-425F-9ED8-8569F068DC21}.Release|x86.ActiveCfg = Release|x86
		{C24A1F5B-CD27-425F-9ED8-8569F068DC21}.Release|x86.Build.0 = Release|x86
		{E56D1F66-7D52-4151-B44A-CB7AF0140B65}.Debug|Any CPU.ActiveCfg = Debug|x86
		{E56D1F66-7D52-4151-B44A-CB7AF0140B65}.Debug|x86.ActiveCfg = Debug|x86
		{E56D1F66-7D52-4151-B44A-CB7AF0140B65}.Debug|x86.Build.0 = Debug|x86
		{E56D1F66-7D52-4151-B44A-CB7AF0140B65}.Release|Any CPU.ActiveCfg = Release|x86
		{E56D1F66-7D52-4151-B44A-CB7AF0140B65}.Release|x86.ActiveCfg = Release|x86
		{E56D1F66-7D52-4151-B44A-CB7AF0140B65}.Release|x86.Build.0 = Release|x86
		{5E58101D-963F-488E-AEA9-4F88ACD8246E}.Debug|Any CPU.ActiveCfg = Debug|x86
		{5E58101D-963F-488E-AEA9-4F88ACD8246E}.Debug|x86.ActiveCfg = Debug|x86
		{5E58101D-963F-488E-AEA9-4F88ACD8246E}.Debug|x86.Build.0 = Debug|x86
		{5E58101D-963F-488E-AEA9-4F88ACD8246E}.Release|Any CPU.ActiveCfg = Release|x86
		{5E58101D-963F-488E-AEA9-4F88ACD8246E}.Release|x86.ActiveCfg = Release|x86
		{5E58101D-963F-488E-AEA9-4F88ACD8246E}.Release|x86.Build.0 = Release|x86
		{FD4BB8BC-2388-4FE6-B1DA-184A1C825A57}.Debug|Any CPU.ActiveCfg = Debug|x86
		{FD4BB8BC-2388-4FE6-B1DA-184A1C825A57}.Debug|x86.ActiveCfg = Debug|x86
		{FD4BB8BC-2388-4FE6-B1DA-184A1C825A57}.Debug|x86.Build.0 = Debug|x86
		{FD4BB8BC-2388-4FE6-B1DA-184A1C825A57}.Release|Any CPU.ActiveCfg = Release|x86
		{FD4BB8BC-2388-4FE6-B1DA-184A1C825A57}.Release|x86.ActiveCfg = Release|x86
		{FD4BB8BC-2388-4FE6-B1DA-184A1C825A57}.Release|x86.Build.0 = Release|x86
		{88A27B47-9EE2-4C66-9026-F925A5743A30}.Debug|Any CPU.ActiveCfg = Debug|Any CPU
		{88A27B47-9EE2-4C66-9026-F925A5743A30}.Debug|Any CPU.Build.0 = Debug|Any CPU
		{88A27B47-9EE2-4C66-9026-F925A5743A30}.Debug|x86.ActiveCfg = Debug|Any CPU
		{88A27B47-9EE2-4C66-9026-F925A5743A30}.Debug|x86.Build.0 = Debug|Any CPU
		{88A27B47-9EE2-4C66-9026-F925A5743A30}.Release|Any CPU.ActiveCfg = Release|Any CPU
		{88A27B47-9EE2-4C66-9026-F925A5743A30}.Release|Any CPU.Build.0 = Release|Any CPU
		{88A27B47-9EE2-4C66-9026-F925A5743A30}.Release|x86.ActiveCfg = Release|Any CPU
		{88A27B47-9EE2-4C66-9026-F925A5743A30}.Release|x86.Build.0 = Release|Any CPU
		{F0706C74-CD53-42D9-91B0-B2D86D303E2E}.Debug|Any CPU.ActiveCfg = Debug|x86
		{F0706C74-CD53-42D9-91B0-B2D86D303E2E}.Debug|x86.ActiveCfg = Debug|x86
		{F0706C74-CD53-42D9-91B0-B2D86D303E2E}.Debug|x86.Build.0 = Debug|x86
		{F0706C74-CD53-42D9-91B0-B2D86D303E2E}.Release|Any CPU.ActiveCfg = Release|x86
		{F0706C74-CD53-42D9-91B0-B2D86D303E2E}.Release|x86.ActiveCfg = Release|x86
		{F0706C74-CD53-42D9-91B0-B2D86D303E2E}.Release|x86.Build.0 = Release|x86
		{056B5BF1-4665-497F-B60D-6217F0E60AD4}.Debug|Any CPU.ActiveCfg = Debug|x86
		{056B5BF1-4665-497F-B60D-6217F0E60AD4}.Debug|x86.ActiveCfg = Debug|x86
		{056B5BF1-4665-497F-B60D-6217F0E60AD4}.Debug|x86.Build.0 = Debug|x86
		{056B5BF1-4665-497F-B60D-6217F0E60AD4}.Release|Any CPU.ActiveCfg = Release|x86
		{056B5BF1-4665-497F-B60D-6217F0E60AD4}.Release|Any CPU.Build.0 = Release|x86
		{056B5BF1-4665-497F-B60D-6217F0E60AD4}.Release|x86.ActiveCfg = Release|x86
		{056B5BF1-4665-497F-B60D-6217F0E60AD4}.Release|x86.Build.0 = Release|x86
	EndGlobalSection
	GlobalSection(SolutionProperties) = preSolution
		HideSolutionNode = FALSE
	EndGlobalSection
	GlobalSection(NestedProjects) = preSolution
		{C6630F54-75CF-4B1E-8366-A2D6CB0D227B} = {C9C0EED5-5ED8-4003-88C5-87BE0A1BB557}
		{C3CA7147-853F-4316-99E6-8D2831A299C8} = {C9C0EED5-5ED8-4003-88C5-87BE0A1BB557}
		{CE06C329-287D-4F1E-B62D-B8353F2BAA4A} = {C9C0EED5-5ED8-4003-88C5-87BE0A1BB557}
		{C24A1F5B-CD27-425F-9ED8-8569F068DC21} = {C9C0EED5-5ED8-4003-88C5-87BE0A1BB557}
		{E56D1F66-7D52-4151-B44A-CB7AF0140B65} = {D28E8F2E-CFD7-4D88-8CB5-543379F308BE}
		{5E58101D-963F-488E-AEA9-4F88ACD8246E} = {D28E8F2E-CFD7-4D88-8CB5-543379F308BE}
		{FD4BB8BC-2388-4FE6-B1DA-184A1C825A57} = {D28E8F2E-CFD7-4D88-8CB5-543379F308BE}
		{88A27B47-9EE2-4C66-9026-F925A5743A30} = {D28E8F2E-CFD7-4D88-8CB5-543379F308BE}
		{F0706C74-CD53-42D9-91B0-B2D86D303E2E} = {D28E8F2E-CFD7-4D88-8CB5-543379F308BE}
		{056B5BF1-4665-497F-B60D-6217F0E60AD4} = {C9C0EED5-5ED8-4003-88C5-87BE0A1BB557}
	EndGlobalSection
EndGlobal
